
Microsoft Visual Studio Solution File, Format Version 12.00
# Visual Studio 15
VisualStudioVersion = 15.0.28010.2026
MinimumVisualStudioVersion = 10.0.40219.1
Project("{FAE04EC0-301F-11D3-BF4B-00C04F79EFBC}") = "Francis Bacon Cipher", "Francis Bacon Cipher\Francis Bacon Cipher.csproj", "{0E0E1588-C786-4E2C-9E61-38D162DAD37A}"
EndProject
Global
	GlobalSection(SolutionConfigurationPlatforms) = preSolution
		Debug|Any CPU = Debug|Any CPU
		Release|Any CPU = Release|Any CPU
	EndGlobalSection
	GlobalSection(ProjectConfigurationPlatforms) = postSolution
		{0E0E1588-C786-4E2C-9E61-38D162DAD37A}.Debug|Any CPU.ActiveCfg = Debug|Any CPU
		{0E0E1588-C786-4E2C-9E61-38D162DAD37A}.Debug|Any CPU.Build.0 = Debug|Any CPU
		{0E0E1588-C786-4E2C-9E61-38D162DAD37A}.Release|Any CPU.ActiveCfg = Release|Any CPU
		{0E0E1588-C786-4E2C-9E61-38D162DAD37A}.Release|Any CPU.Build.0 = Release|Any CPU
	EndGlobalSection
	GlobalSection(SolutionProperties) = preSolution
		HideSolutionNode = FALSE
	EndGlobalSection
	GlobalSection(ExtensibilityGlobals) = postSolution
		SolutionGuid = {357255DB-2D10-4475-AF27-76D4D66085B9}
	EndGlobalSection
EndGlobal
