
Microsoft Visual Studio Solution File, Format Version 12.00
# Visual Studio 15
VisualStudioVersion = 15.0.28010.2026
MinimumVisualStudioVersion = 10.0.40219.1
Project("{FAE04EC0-301F-11D3-BF4B-00C04F79EFBC}") = "CezarN", "CezarN\CezarN.csproj", "{AFD9C8E2-1815-4130-A1D1-9A7AEE5ECE12}"
EndProject
Global
	GlobalSection(SolutionConfigurationPlatforms) = preSolution
		Debug|Any CPU = Debug|Any CPU
		Release|Any CPU = Release|Any CPU
	EndGlobalSection
	GlobalSection(ProjectConfigurationPlatforms) = postSolution
		{AFD9C8E2-1815-4130-A1D1-9A7AEE5ECE12}.Debug|Any CPU.ActiveCfg = Debug|Any CPU
		{AFD9C8E2-1815-4130-A1D1-9A7AEE5ECE12}.Debug|Any CPU.Build.0 = Debug|Any CPU
		{AFD9C8E2-1815-4130-A1D1-9A7AEE5ECE12}.Release|Any CPU.ActiveCfg = Release|Any CPU
		{AFD9C8E2-1815-4130-A1D1-9A7AEE5ECE12}.Release|Any CPU.Build.0 = Release|Any CPU
	EndGlobalSection
	GlobalSection(SolutionProperties) = preSolution
		HideSolutionNode = FALSE
	EndGlobalSection
	GlobalSection(ExtensibilityGlobals) = postSolution
		SolutionGuid = {E15DF239-C69F-40C0-914A-9AF598B3E147}
	EndGlobalSection
EndGlobal
